{
  "name": "demo",
  "version": "1.0.0",
  "lockfileVersion": 1,
  "requires": true,
  "dependencies": {
    "xcx-poster-canvas": {
      "version": "2.0.1",
      "resolved": "https://registry.npm.taobao.org/xcx-poster-canvas/download/xcx-poster-canvas-2.0.1.tgz?cache=0&sync_timestamp=1599197973300&other_urls=https%3A%2F%2Fregistry.npm.taobao.org%2Fxcx-poster-canvas%2Fdownload%2Fxcx-poster-canvas-2.0.1.tgz",
      "integrity": "sha1-gmnUvurU6LX3YD3DCRzAhZn0sQA="
    }
  }
}
